# This file is automatically @generated by Cargo.
# It is not intended for manual editing.
version = 4

[[package]]
name = "macro-qualification"
version = "0.0.0"
dependencies = [
 "statelessness",
 "statelessness-macros",
]

[[package]]
name = "statelessness"
version = "0.2.0-rc.1"

[[package]]
name = "statelessness-macros"
version = "0.2.0-rc.1"
